
Microsoft Visual Studio Solution File, Format Version 12.00
# Visual Studio Version 17
VisualStudioVersion = 17.13.35931.197
MinimumVisualStudioVersion = 10.0.40219.1
Project("{FAE04EC0-301F-11D3-BF4B-00C04F79EFBC}") = "TweetService", "src\Services\TweetService\TweetService.csproj", "{A7104FB8-E9C3-4874-92EF-D9162B11690D}"
EndProject
Project("{2150E333-8FDC-42A3-9474-1A3956D46DE8}") = "src", "src", "{02EA681E-C7D8-13C7-8484-4AC65E1B71E8}"
EndProject
Project("{2150E333-8FDC-42A3-9474-1A3956D46DE8}") = "Services", "Services", "{4C8F9E11-42D5-4906-B1C7-61C30F8ECC4A}"
EndProject
Project("{2150E333-8FDC-42A3-9474-1A3956D46DE8}") = "ApiGateways", "ApiGateways", "{EBB5751F-BD53-4E22-A3EC-7568FC12FC12}"
EndProject
Project("{FAE04EC0-301F-11D3-BF4B-00C04F79EFBC}") = "TweetAgregator", "src\ApiGateways\TweetAgregator\TweetAgregator.csproj", "{754F0080-4465-4681-9693-CD6AD14652F2}"
EndProject
Project("{FAE04EC0-301F-11D3-BF4B-00C04F79EFBC}") = "TweeterApiGateway", "src\ApiGateways\TweeterApiGateway\TweeterApiGateway.csproj", "{A8A7EF09-D79B-4433-9664-F97913CC56F1}"
EndProject
Project("{2150E333-8FDC-42A3-9474-1A3956D46DE8}") = "Workers", "Workers", "{69417347-B277-4D85-882F-0D89CEDAA366}"
EndProject
Project("{FAE04EC0-301F-11D3-BF4B-00C04F79EFBC}") = "TweetWorker", "src\Workers\TweetWorker\TweetWorker.csproj", "{A25CF5DA-29CB-4CE1-ADE8-BA3E05A8CA28}"
EndProject
Project("{2150E333-8FDC-42A3-9474-1A3956D46DE8}") = "Models", "Models", "{FEE570D3-108A-4EED-98F2-7036B029775C}"
EndProject
Project("{2150E333-8FDC-42A3-9474-1A3956D46DE8}") = "DataBase", "DataBase", "{7B062AEC-51BF-4410-9697-73B3025603AF}"
EndProject
Project("{FAE04EC0-301F-11D3-BF4B-00C04F79EFBC}") = "TweeterDB", "src\DataBase\TweeterDB\TweeterDB.csproj", "{B960E599-05F4-4203-9AB8-D1E336724871}"
EndProject
Project("{FAE04EC0-301F-11D3-BF4B-00C04F79EFBC}") = "TweeterModel", "src\Models\TweeterModel\TweeterModel.csproj", "{7C52F978-087D-4D74-A829-95BB325C387B}"
EndProject
Project("{FAE04EC0-301F-11D3-BF4B-00C04F79EFBC}") = "FollowWorker", "src\Workers\FollowWorker\FollowWorker.csproj", "{356DC955-A248-429F-829F-EF459F958216}"
EndProject
Project("{FAE04EC0-301F-11D3-BF4B-00C04F79EFBC}") = "FollowService", "src\Services\FollowService\FollowService.csproj", "{2A2A0A1A-874A-45C8-96CA-83944AF50538}"
EndProject
Project("{FAE04EC0-301F-11D3-BF4B-00C04F79EFBC}") = "FollowAgregator", "src\ApiGateways\FollowAgregator\FollowAgregator.csproj", "{21D4F683-3201-4F74-83F1-CC5419D96A1D}"
EndProject
Project("{FAE04EC0-301F-11D3-BF4B-00C04F79EFBC}") = "TimeLineAgregator", "src\ApiGateways\TimeLineAgregator\TimeLineAgregator.csproj", "{5897676A-99A1-4948-99BF-EDFB9053C8B8}"
EndProject
Project("{FAE04EC0-301F-11D3-BF4B-00C04F79EFBC}") = "TimelineService", "src\Services\TimelineService\TimelineService.csproj", "{5B0D0744-A8E4-48AA-B736-55573C36551D}"
EndProject
Project("{2150E333-8FDC-42A3-9474-1A3956D46DE8}") = "Cache", "Cache", "{FB46224B-EA9A-427C-8425-9BB5C137A8DA}"
EndProject
Project("{FAE04EC0-301F-11D3-BF4B-00C04F79EFBC}") = "CacheService", "src\Cache\CacheService\CacheService.csproj", "{B58D56E7-99D0-4D07-A959-A4ABF1DFEF27}"
EndProject
Global
	GlobalSection(SolutionConfigurationPlatforms) = preSolution
		Debug|Any CPU = Debug|Any CPU
		Release|Any CPU = Release|Any CPU
	EndGlobalSection
	GlobalSection(ProjectConfigurationPlatforms) = postSolution
		{A7104FB8-E9C3-4874-92EF-D9162B11690D}.Debug|Any CPU.ActiveCfg = Debug|Any CPU
		{A7104FB8-E9C3-4874-92EF-D9162B11690D}.Debug|Any CPU.Build.0 = Debug|Any CPU
		{A7104FB8-E9C3-4874-92EF-D9162B11690D}.Release|Any CPU.ActiveCfg = Release|Any CPU
		{A7104FB8-E9C3-4874-92EF-D9162B11690D}.Release|Any CPU.Build.0 = Release|Any CPU
		{754F0080-4465-4681-9693-CD6AD14652F2}.Debug|Any CPU.ActiveCfg = Debug|Any CPU
		{754F0080-4465-4681-9693-CD6AD14652F2}.Debug|Any CPU.Build.0 = Debug|Any CPU
		{754F0080-4465-4681-9693-CD6AD14652F2}.Release|Any CPU.ActiveCfg = Release|Any CPU
		{754F0080-4465-4681-9693-CD6AD14652F2}.Release|Any CPU.Build.0 = Release|Any CPU
		{A8A7EF09-D79B-4433-9664-F97913CC56F1}.Debug|Any CPU.ActiveCfg = Debug|Any CPU
		{A8A7EF09-D79B-4433-9664-F97913CC56F1}.Debug|Any CPU.Build.0 = Debug|Any CPU
		{A8A7EF09-D79B-4433-9664-F97913CC56F1}.Release|Any CPU.ActiveCfg = Release|Any CPU
		{A8A7EF09-D79B-4433-9664-F97913CC56F1}.Release|Any CPU.Build.0 = Release|Any CPU
		{A25CF5DA-29CB-4CE1-ADE8-BA3E05A8CA28}.Debug|Any CPU.ActiveCfg = Debug|Any CPU
		{A25CF5DA-29CB-4CE1-ADE8-BA3E05A8CA28}.Debug|Any CPU.Build.0 = Debug|Any CPU
		{A25CF5DA-29CB-4CE1-ADE8-BA3E05A8CA28}.Release|Any CPU.ActiveCfg = Release|Any CPU
		{A25CF5DA-29CB-4CE1-ADE8-BA3E05A8CA28}.Release|Any CPU.Build.0 = Release|Any CPU
		{B960E599-05F4-4203-9AB8-D1E336724871}.Debug|Any CPU.ActiveCfg = Debug|Any CPU
		{B960E599-05F4-4203-9AB8-D1E336724871}.Debug|Any CPU.Build.0 = Debug|Any CPU
		{B960E599-05F4-4203-9AB8-D1E336724871}.Release|Any CPU.ActiveCfg = Release|Any CPU
		{B960E599-05F4-4203-9AB8-D1E336724871}.Release|Any CPU.Build.0 = Release|Any CPU
		{7C52F978-087D-4D74-A829-95BB325C387B}.Debug|Any CPU.ActiveCfg = Debug|Any CPU
		{7C52F978-087D-4D74-A829-95BB325C387B}.Debug|Any CPU.Build.0 = Debug|Any CPU
		{7C52F978-087D-4D74-A829-95BB325C387B}.Release|Any CPU.ActiveCfg = Release|Any CPU
		{7C52F978-087D-4D74-A829-95BB325C387B}.Release|Any CPU.Build.0 = Release|Any CPU
		{356DC955-A248-429F-829F-EF459F958216}.Debug|Any CPU.ActiveCfg = Debug|Any CPU
		{356DC955-A248-429F-829F-EF459F958216}.Debug|Any CPU.Build.0 = Debug|Any CPU
		{356DC955-A248-429F-829F-EF459F958216}.Release|Any CPU.ActiveCfg = Release|Any CPU
		{356DC955-A248-429F-829F-EF459F958216}.Release|Any CPU.Build.0 = Release|Any CPU
		{2A2A0A1A-874A-45C8-96CA-83944AF50538}.Debug|Any CPU.ActiveCfg = Debug|Any CPU
		{2A2A0A1A-874A-45C8-96CA-83944AF50538}.Debug|Any CPU.Build.0 = Debug|Any CPU
		{2A2A0A1A-874A-45C8-96CA-83944AF50538}.Release|Any CPU.ActiveCfg = Release|Any CPU
		{2A2A0A1A-874A-45C8-96CA-83944AF50538}.Release|Any CPU.Build.0 = Release|Any CPU
		{21D4F683-3201-4F74-83F1-CC5419D96A1D}.Debug|Any CPU.ActiveCfg = Debug|Any CPU
		{21D4F683-3201-4F74-83F1-CC5419D96A1D}.Debug|Any CPU.Build.0 = Debug|Any CPU
		{21D4F683-3201-4F74-83F1-CC5419D96A1D}.Release|Any CPU.ActiveCfg = Release|Any CPU
		{21D4F683-3201-4F74-83F1-CC5419D96A1D}.Release|Any CPU.Build.0 = Release|Any CPU
		{5897676A-99A1-4948-99BF-EDFB9053C8B8}.Debug|Any CPU.ActiveCfg = Debug|Any CPU
		{5897676A-99A1-4948-99BF-EDFB9053C8B8}.Debug|Any CPU.Build.0 = Debug|Any CPU
		{5897676A-99A1-4948-99BF-EDFB9053C8B8}.Release|Any CPU.ActiveCfg = Release|Any CPU
		{5897676A-99A1-4948-99BF-EDFB9053C8B8}.Release|Any CPU.Build.0 = Release|Any CPU
		{5B0D0744-A8E4-48AA-B736-55573C36551D}.Debug|Any CPU.ActiveCfg = Debug|Any CPU
		{5B0D0744-A8E4-48AA-B736-55573C36551D}.Debug|Any CPU.Build.0 = Debug|Any CPU
		{5B0D0744-A8E4-48AA-B736-55573C36551D}.Release|Any CPU.ActiveCfg = Release|Any CPU
		{5B0D0744-A8E4-48AA-B736-55573C36551D}.Release|Any CPU.Build.0 = Release|Any CPU
		{B58D56E7-99D0-4D07-A959-A4ABF1DFEF27}.Debug|Any CPU.ActiveCfg = Debug|Any CPU
		{B58D56E7-99D0-4D07-A959-A4ABF1DFEF27}.Debug|Any CPU.Build.0 = Debug|Any CPU
		{B58D56E7-99D0-4D07-A959-A4ABF1DFEF27}.Release|Any CPU.ActiveCfg = Release|Any CPU
		{B58D56E7-99D0-4D07-A959-A4ABF1DFEF27}.Release|Any CPU.Build.0 = Release|Any CPU
	EndGlobalSection
	GlobalSection(SolutionProperties) = preSolution
		HideSolutionNode = FALSE
	EndGlobalSection
	GlobalSection(NestedProjects) = preSolution
		{A7104FB8-E9C3-4874-92EF-D9162B11690D} = {4C8F9E11-42D5-4906-B1C7-61C30F8ECC4A}
		{4C8F9E11-42D5-4906-B1C7-61C30F8ECC4A} = {02EA681E-C7D8-13C7-8484-4AC65E1B71E8}
		{EBB5751F-BD53-4E22-A3EC-7568FC12FC12} = {02EA681E-C7D8-13C7-8484-4AC65E1B71E8}
		{754F0080-4465-4681-9693-CD6AD14652F2} = {EBB5751F-BD53-4E22-A3EC-7568FC12FC12}
		{A8A7EF09-D79B-4433-9664-F97913CC56F1} = {EBB5751F-BD53-4E22-A3EC-7568FC12FC12}
		{69417347-B277-4D85-882F-0D89CEDAA366} = {02EA681E-C7D8-13C7-8484-4AC65E1B71E8}
		{A25CF5DA-29CB-4CE1-ADE8-BA3E05A8CA28} = {69417347-B277-4D85-882F-0D89CEDAA366}
		{FEE570D3-108A-4EED-98F2-7036B029775C} = {02EA681E-C7D8-13C7-8484-4AC65E1B71E8}
		{7B062AEC-51BF-4410-9697-73B3025603AF} = {02EA681E-C7D8-13C7-8484-4AC65E1B71E8}
		{B960E599-05F4-4203-9AB8-D1E336724871} = {7B062AEC-51BF-4410-9697-73B3025603AF}
		{7C52F978-087D-4D74-A829-95BB325C387B} = {FEE570D3-108A-4EED-98F2-7036B029775C}
		{356DC955-A248-429F-829F-EF459F958216} = {69417347-B277-4D85-882F-0D89CEDAA366}
		{2A2A0A1A-874A-45C8-96CA-83944AF50538} = {4C8F9E11-42D5-4906-B1C7-61C30F8ECC4A}
		{21D4F683-3201-4F74-83F1-CC5419D96A1D} = {EBB5751F-BD53-4E22-A3EC-7568FC12FC12}
		{5897676A-99A1-4948-99BF-EDFB9053C8B8} = {EBB5751F-BD53-4E22-A3EC-7568FC12FC12}
		{5B0D0744-A8E4-48AA-B736-55573C36551D} = {4C8F9E11-42D5-4906-B1C7-61C30F8ECC4A}
		{FB46224B-EA9A-427C-8425-9BB5C137A8DA} = {02EA681E-C7D8-13C7-8484-4AC65E1B71E8}
		{B58D56E7-99D0-4D07-A959-A4ABF1DFEF27} = {FB46224B-EA9A-427C-8425-9BB5C137A8DA}
	EndGlobalSection
	GlobalSection(ExtensibilityGlobals) = postSolution
		SolutionGuid = {65C31CF1-4EED-466B-BCD7-20BA42B469D7}
	EndGlobalSection
EndGlobal
